
Microsoft Visual Studio Solution File, Format Version 12.00
# Visual Studio Version 16
VisualStudioVersion = 16.0.29503.13
MinimumVisualStudioVersion = 10.0.40219.1
Project("{FAE04EC0-301F-11D3-BF4B-00C04F79EFBC}") = "VotingApplication", "VotingApplication.csproj", "{7B8B633D-2E87-4746-B1CA-006889204807}"
EndProject
Global
	GlobalSection(SolutionConfigurationPlatforms) = preSolution
		Debug|Any CPU = Debug|Any CPU
		Release|Any CPU = Release|Any CPU
	EndGlobalSection
	GlobalSection(ProjectConfigurationPlatforms) = postSolution
		{7B8B633D-2E87-4746-B1CA-006889204807}.Debug|Any CPU.ActiveCfg = Debug|Any CPU
		{7B8B633D-2E87-4746-B1CA-006889204807}.Debug|Any CPU.Build.0 = Debug|Any CPU
		{7B8B633D-2E87-4746-B1CA-006889204807}.Release|Any CPU.ActiveCfg = Release|Any CPU
		{7B8B633D-2E87-4746-B1CA-006889204807}.Release|Any CPU.Build.0 = Release|Any CPU
	EndGlobalSection
	GlobalSection(SolutionProperties) = preSolution
		HideSolutionNode = FALSE
	EndGlobalSection
	GlobalSection(ExtensibilityGlobals) = postSolution
		SolutionGuid = {251094C1-FF13-41CB-91D4-1AE3292DC591}
	EndGlobalSection
EndGlobal
